// !$*UTF8*$!
{
	archiveVersion = 1;
	classes = {
	};
	objectVersion = 46;
	objects = {

/* Begin PBXBuildFile section */
		FB72A6831A67BF7C00592164 /* 20140626.c in Sources */ = {isa = PBXBuildFile; fileRef = FB72A6811A67BF7C00592164 /* 20140626.c */; };
/* End PBXBuildFile section */

/* Begin PBXCopyFilesBuildPhase section */
		FB8398341A5D80B800B91F34 /* CopyFiles */ = {
			isa = PBXCopyFilesBuildPhase;
			buildActionMask = 2147483647;
			dstPath = /usr/share/man/man1/;
			dstSubfolderSpec = 0;
			files = (
			);
			runOnlyForDeploymentPostprocessing = 1;
		};
/* End PBXCopyFilesBuildPhase section */

/* Begin PBXFileReference section */
		FB4169BA1A655C9B005D31A1 /* Template_Monitor.c */ = {isa = PBXFileReference; fileEncoding = 4; lastKnownFileType = sourcecode.c.c; name = Template_Monitor.c; path = Templates/C/Template_Monitor.c; sourceTree = "<group>"; };
		FB4169BB1A655C9B005D31A1 /* Template_Monitor.h */ = {isa = PBXFileReference; fileEncoding = 4; lastKnownFileType = sourcecode.c.h; name = Template_Monitor.h; path = Templates/C/Template_Monitor.h; sourceTree = "<group>"; };
		FB4169BC1A655C9B005D31A1 /* Template_Semafori.c */ = {isa = PBXFileReference; fileEncoding = 4; lastKnownFileType = sourcecode.c.c; name = Template_Semafori.c; path = Templates/C/Template_Semafori.c; sourceTree = "<group>"; };
		FB4169BD1A655C9B005D31A1 /* Template_Semafori.h */ = {isa = PBXFileReference; fileEncoding = 4; lastKnownFileType = sourcecode.c.h; name = Template_Semafori.h; path = Templates/C/Template_Semafori.h; sourceTree = "<group>"; };
		FB4169C01A656389005D31A1 /* Template.go */ = {isa = PBXFileReference; fileEncoding = 4; lastKnownFileType = text; name = Template.go; path = Templates/Go/Template.go; sourceTree = "<group>"; };
		FB4169C81A65687C005D31A1 /* Esame.c */ = {isa = PBXFileReference; fileEncoding = 4; lastKnownFileType = sourcecode.c.c; name = Esame.c; path = "Esame[11-01-2010]/Esame.c"; sourceTree = "<group>"; };
		FB4169C91A65687C005D31A1 /* Esame.h */ = {isa = PBXFileReference; fileEncoding = 4; lastKnownFileType = sourcecode.c.h; name = Esame.h; path = "Esame[11-01-2010]/Esame.h"; sourceTree = "<group>"; };
		FB4169CA1A65687C005D31A1 /* testi100111-sala.pdf */ = {isa = PBXFileReference; lastKnownFileType = image.pdf; name = "testi100111-sala.pdf"; path = "Esame[11-01-2010]/testi100111-sala.pdf"; sourceTree = "<group>"; };
		FB5C66201A62EE13009BA513 /* Esame.go */ = {isa = PBXFileReference; lastKnownFileType = text; name = Esame.go; path = "EserciziSistemiOperativi/SimulazioneEsame[18-12-2014]/Esame.go"; sourceTree = "<group>"; };
		FB5C66211A62EE2A009BA513 /* Esame.c */ = {isa = PBXFileReference; fileEncoding = 4; lastKnownFileType = sourcecode.c.c; name = Esame.c; path = "EserciziSistemiOperativi/SimulazioneEsame[18-12-2014]/Esame.c"; sourceTree = "<group>"; };
		FB6C806F1A67E20600ECABF8 /* 20140626.go */ = {isa = PBXFileReference; lastKnownFileType = text; name = 20140626.go; path = "Esame[26-06-2014]/20140626.go"; sourceTree = "<group>"; };
		FB72A6811A67BF7C00592164 /* 20140626.c */ = {isa = PBXFileReference; fileEncoding = 4; lastKnownFileType = sourcecode.c.c; name = 20140626.c; path = "Esame[26-06-2014]/20140626.c"; sourceTree = "<group>"; };
		FB72A6821A67BF7C00592164 /* 20140626.h */ = {isa = PBXFileReference; fileEncoding = 4; lastKnownFileType = sourcecode.c.h; name = 20140626.h; path = "Esame[26-06-2014]/20140626.h"; sourceTree = "<group>"; };
		FB8398361A5D80B800B91F34 /* EserciziSistemiOperativi */ = {isa = PBXFileReference; explicitFileType = "compiled.mach-o.executable"; includeInIndex = 0; path = EserciziSistemiOperativi; sourceTree = BUILT_PRODUCTS_DIR; };
		FB83984E1A5D9E0F00B91F34 /* Es0.c */ = {isa = PBXFileReference; fileEncoding = 4; lastKnownFileType = sourcecode.c.c; name = Es0.c; path = "Esercizio 0/Es0.c"; sourceTree = "<group>"; };
		FB8398501A5D9E1900B91F34 /* Es1.c */ = {isa = PBXFileReference; fileEncoding = 4; lastKnownFileType = sourcecode.c.c; name = Es1.c; path = "Esercizio 1/Es1.c"; sourceTree = "<group>"; };
		FB8398521A5D9E2300B91F34 /* Es2.c */ = {isa = PBXFileReference; fileEncoding = 4; lastKnownFileType = sourcecode.c.c; name = Es2.c; path = "Esercizio 2/Es2.c"; sourceTree = "<group>"; };
		FB8398541A5D9E2B00B91F34 /* Es3.c */ = {isa = PBXFileReference; fileEncoding = 4; lastKnownFileType = sourcecode.c.c; name = Es3.c; path = "Esercizio 3/Es3.c"; sourceTree = "<group>"; };
		FB83985A1A5D9E7200B91F34 /* Es3_b.c */ = {isa = PBXFileReference; fileEncoding = 4; lastKnownFileType = sourcecode.c.c; name = Es3_b.c; path = "Esercizio 3/Es3_b.c"; sourceTree = "<group>"; };
		FB83985C1A5D9EF800B91F34 /* es1.pdf */ = {isa = PBXFileReference; lastKnownFileType = image.pdf; name = es1.pdf; path = "Esercizio 1/es1.pdf"; sourceTree = "<group>"; };
		FB83985D1A5D9F0000B91F34 /* es2.pdf */ = {isa = PBXFileReference; lastKnownFileType = image.pdf; name = es2.pdf; path = "Esercizio 2/es2.pdf"; sourceTree = "<group>"; };
		FB83985E1A5D9F0700B91F34 /* es3.pdf */ = {isa = PBXFileReference; lastKnownFileType = image.pdf; name = es3.pdf; path = "Esercizio 3/es3.pdf"; sourceTree = "<group>"; };
		FBE0D6391A61AEA70088E97F /* Esame_A.pdf */ = {isa = PBXFileReference; lastKnownFileType = image.pdf; name = Esame_A.pdf; path = "Esame[22-12-2014]/Esame_A.pdf"; sourceTree = "<group>"; };
		FBE0D63A1A61AEA70088E97F /* Esame_B.pdf */ = {isa = PBXFileReference; lastKnownFileType = image.pdf; name = Esame_B.pdf; path = "Esame[22-12-2014]/Esame_B.pdf"; sourceTree = "<group>"; };
		FBE0D63B1A61AEA70088E97F /* Esame.c */ = {isa = PBXFileReference; fileEncoding = 4; lastKnownFileType = sourcecode.c.c; name = Esame.c; path = "Esame[22-12-2014]/Esame.c"; sourceTree = "<group>"; };
		FBE0D63C1A61AEA70088E97F /* Esame.go */ = {isa = PBXFileReference; fileEncoding = 4; lastKnownFileType = text; name = Esame.go; path = "Esame[22-12-2014]/Esame.go"; sourceTree = "<group>"; };
/* End PBXFileReference section */

/* Begin PBXFrameworksBuildPhase section */
		FB8398331A5D80B800B91F34 /* Frameworks */ = {
			isa = PBXFrameworksBuildPhase;
			buildActionMask = 2147483647;
			files = (
			);
			runOnlyForDeploymentPostprocessing = 0;
		};
/* End PBXFrameworksBuildPhase section */

/* Begin PBXGroup section */
		FB4169B11A65331D005D31A1 /* Templates */ = {
			isa = PBXGroup;
			children = (
				FB4169B91A655C88005D31A1 /* Go */,
				FB4169B81A655C82005D31A1 /* C */,
			);
			name = Templates;
			sourceTree = "<group>";
		};
		FB4169B81A655C82005D31A1 /* C */ = {
			isa = PBXGroup;
			children = (
				FB4169BA1A655C9B005D31A1 /* Template_Monitor.c */,
				FB4169BB1A655C9B005D31A1 /* Template_Monitor.h */,
				FB4169BC1A655C9B005D31A1 /* Template_Semafori.c */,
				FB4169BD1A655C9B005D31A1 /* Template_Semafori.h */,
			);
			name = C;
			sourceTree = "<group>";
		};
		FB4169B91A655C88005D31A1 /* Go */ = {
			isa = PBXGroup;
			children = (
				FB4169C01A656389005D31A1 /* Template.go */,
			);
			name = Go;
			sourceTree = "<group>";
		};
		FB4169C11A6567EA005D31A1 /* Esame[11-01-10] */ = {
			isa = PBXGroup;
			children = (
				FB4169C81A65687C005D31A1 /* Esame.c */,
				FB4169C91A65687C005D31A1 /* Esame.h */,
				FB4169CA1A65687C005D31A1 /* testi100111-sala.pdf */,
			);
			name = "Esame[11-01-10]";
			sourceTree = "<group>";
		};
		FB5C661F1A62EDEE009BA513 /* SimulazioneEsame[18-12-14] */ = {
			isa = PBXGroup;
			children = (
				FB5C66201A62EE13009BA513 /* Esame.go */,
				FB5C66211A62EE2A009BA513 /* Esame.c */,
			);
			name = "SimulazioneEsame[18-12-14]";
			path = ..;
			sourceTree = "<group>";
		};
		FB72A6801A67BF0A00592164 /* Esame[26-06-14] */ = {
			isa = PBXGroup;
			children = (
				FB6C806F1A67E20600ECABF8 /* 20140626.go */,
				FB72A6811A67BF7C00592164 /* 20140626.c */,
				FB72A6821A67BF7C00592164 /* 20140626.h */,
			);
			name = "Esame[26-06-14]";
			sourceTree = "<group>";
		};
		FB83982D1A5D80B800B91F34 = {
			isa = PBXGroup;
			children = (
				FB8398381A5D80B800B91F34 /* EserciziSistemiOperativi */,
				FB8398371A5D80B800B91F34 /* Products */,
			);
			sourceTree = "<group>";
		};
		FB8398371A5D80B800B91F34 /* Products */ = {
			isa = PBXGroup;
			children = (
				FB8398361A5D80B800B91F34 /* EserciziSistemiOperativi */,
			);
			name = Products;
			sourceTree = "<group>";
		};
		FB8398381A5D80B800B91F34 /* EserciziSistemiOperativi */ = {
			isa = PBXGroup;
			children = (
				FB72A6801A67BF0A00592164 /* Esame[26-06-14] */,
				FB4169C11A6567EA005D31A1 /* Esame[11-01-10] */,
				FB4169B11A65331D005D31A1 /* Templates */,
				FB83984A1A5D917C00B91F34 /* Esercizio 0 */,
				FB83984B1A5D918600B91F34 /* Esercizio 1 */,
				FB83984C1A5D919100B91F34 /* Esercizio 2 */,
				FB83984D1A5D919A00B91F34 /* Esercizio 3 */,
				FBE0D6381A61AE940088E97F /* Esame[22-12-14] */,
				FB5C661F1A62EDEE009BA513 /* SimulazioneEsame[18-12-14] */,
			);
			path = EserciziSistemiOperativi;
			sourceTree = "<group>";
		};
		FB83984A1A5D917C00B91F34 /* Esercizio 0 */ = {
			isa = PBXGroup;
			children = (
				FB83984E1A5D9E0F00B91F34 /* Es0.c */,
			);
			name = "Esercizio 0";
			sourceTree = "<group>";
		};
		FB83984B1A5D918600B91F34 /* Esercizio 1 */ = {
			isa = PBXGroup;
			children = (
				FB83985C1A5D9EF800B91F34 /* es1.pdf */,
				FB8398501A5D9E1900B91F34 /* Es1.c */,
			);
			name = "Esercizio 1";
			sourceTree = "<group>";
		};
		FB83984C1A5D919100B91F34 /* Esercizio 2 */ = {
			isa = PBXGroup;
			children = (
				FB83985D1A5D9F0000B91F34 /* es2.pdf */,
				FB8398521A5D9E2300B91F34 /* Es2.c */,
			);
			name = "Esercizio 2";
			sourceTree = "<group>";
		};
		FB83984D1A5D919A00B91F34 /* Esercizio 3 */ = {
			isa = PBXGroup;
			children = (
				FB83985E1A5D9F0700B91F34 /* es3.pdf */,
				FB8398541A5D9E2B00B91F34 /* Es3.c */,
				FB83985A1A5D9E7200B91F34 /* Es3_b.c */,
			);
			name = "Esercizio 3";
			sourceTree = "<group>";
		};
		FBE0D6381A61AE940088E97F /* Esame[22-12-14] */ = {
			isa = PBXGroup;
			children = (
				FBE0D6391A61AEA70088E97F /* Esame_A.pdf */,
				FBE0D63A1A61AEA70088E97F /* Esame_B.pdf */,
				FBE0D63B1A61AEA70088E97F /* Esame.c */,
				FBE0D63C1A61AEA70088E97F /* Esame.go */,
			);
			name = "Esame[22-12-14]";
			sourceTree = "<group>";
		};
/* End PBXGroup section */

/* Begin PBXNativeTarget section */
		FB8398351A5D80B800B91F34 /* EserciziSistemiOperativi */ = {
			isa = PBXNativeTarget;
			buildConfigurationList = FB83983D1A5D80B800B91F34 /* Build configuration list for PBXNativeTarget "EserciziSistemiOperativi" */;
			buildPhases = (
				FB8398321A5D80B800B91F34 /* Sources */,
				FB8398331A5D80B800B91F34 /* Frameworks */,
				FB8398341A5D80B800B91F34 /* CopyFiles */,
			);
			buildRules = (
			);
			dependencies = (
			);
			name = EserciziSistemiOperativi;
			productName = EserciziSistemiOperativi;
			productReference = FB8398361A5D80B800B91F34 /* EserciziSistemiOperativi */;
			productType = "com.apple.product-type.tool";
		};
/* End PBXNativeTarget section */

/* Begin PBXProject section */
		FB83982E1A5D80B800B91F34 /* Project object */ = {
			isa = PBXProject;
			attributes = {
				LastUpgradeCheck = 0610;
				ORGANIZATIONNAME = msoftprogramming;
				TargetAttributes = {
					FB8398351A5D80B800B91F34 = {
						CreatedOnToolsVersion = 6.1;
					};
				};
			};
			buildConfigurationList = FB8398311A5D80B800B91F34 /* Build configuration list for PBXProject "EserciziSistemiOperativi" */;
			compatibilityVersion = "Xcode 3.2";
			developmentRegion = English;
			hasScannedForEncodings = 0;
			knownRegions = (
				en,
			);
			mainGroup = FB83982D1A5D80B800B91F34;
			productRefGroup = FB8398371A5D80B800B91F34 /* Products */;
			projectDirPath = "";
			projectRoot = "";
			targets = (
				FB8398351A5D80B800B91F34 /* EserciziSistemiOperativi */,
			);
		};
/* End PBXProject section */

/* Begin PBXSourcesBuildPhase section */
		FB8398321A5D80B800B91F34 /* Sources */ = {
			isa = PBXSourcesBuildPhase;
			buildActionMask = 2147483647;
			files = (
				FB72A6831A67BF7C00592164 /* 20140626.c in Sources */,
			);
			runOnlyForDeploymentPostprocessing = 0;
		};
/* End PBXSourcesBuildPhase section */

/* Begin XCBuildConfiguration section */
		FB83983B1A5D80B800B91F34 /* Debug */ = {
			isa = XCBuildConfiguration;
			buildSettings = {
				ALWAYS_SEARCH_USER_PATHS = NO;
				CLANG_CXX_LANGUAGE_STANDARD = "gnu++0x";
				CLANG_CXX_LIBRARY = "libc++";
				CLANG_ENABLE_MODULES = YES;
				CLANG_ENABLE_OBJC_ARC = YES;
				CLANG_WARN_BOOL_CONVERSION = YES;
				CLANG_WARN_CONSTANT_CONVERSION = YES;
				CLANG_WARN_DIRECT_OBJC_ISA_USAGE = YES_ERROR;
				CLANG_WARN_EMPTY_BODY = YES;
				CLANG_WARN_ENUM_CONVERSION = YES;
				CLANG_WARN_INT_CONVERSION = YES;
				CLANG_WARN_OBJC_ROOT_CLASS = YES_ERROR;
				CLANG_WARN_UNREACHABLE_CODE = YES;
				CLANG_WARN__DUPLICATE_METHOD_MATCH = YES;
				COPY_PHASE_STRIP = NO;
				ENABLE_STRICT_OBJC_MSGSEND = YES;
				GCC_C_LANGUAGE_STANDARD = gnu99;
				GCC_DYNAMIC_NO_PIC = NO;
				GCC_OPTIMIZATION_LEVEL = 0;
				GCC_PREPROCESSOR_DEFINITIONS = (
					"DEBUG=1",
					"$(inherited)",
				);
				GCC_SYMBOLS_PRIVATE_EXTERN = NO;
				GCC_WARN_64_TO_32_BIT_CONVERSION = YES;
				GCC_WARN_ABOUT_RETURN_TYPE = YES_ERROR;
				GCC_WARN_UNDECLARED_SELECTOR = YES;
				GCC_WARN_UNINITIALIZED_AUTOS = YES_AGGRESSIVE;
				GCC_WARN_UNUSED_FUNCTION = YES;
				GCC_WARN_UNUSED_VARIABLE = YES;
				MACOSX_DEPLOYMENT_TARGET = 10.10;
				MTL_ENABLE_DEBUG_INFO = YES;
				ONLY_ACTIVE_ARCH = YES;
				SDKROOT = macosx;
			};
			name = Debug;
		};
		FB83983C1A5D80B800B91F34 /* Release */ = {
			isa = XCBuildConfiguration;
			buildSettings = {
				ALWAYS_SEARCH_USER_PATHS = NO;
				CLANG_CXX_LANGUAGE_STANDARD = "gnu++0x";
				CLANG_CXX_LIBRARY = "libc++";
				CLANG_ENABLE_MODULES = YES;
				CLANG_ENABLE_OBJC_ARC = YES;
				CLANG_WARN_BOOL_CONVERSION = YES;
				CLANG_WARN_CONSTANT_CONVERSION = YES;
				CLANG_WARN_DIRECT_OBJC_ISA_USAGE = YES_ERROR;
				CLANG_WARN_EMPTY_BODY = YES;
				CLANG_WARN_ENUM_CONVERSION = YES;
				CLANG_WARN_INT_CONVERSION = YES;
				CLANG_WARN_OBJC_ROOT_CLASS = YES_ERROR;
				CLANG_WARN_UNREACHABLE_CODE = YES;
				CLANG_WARN__DUPLICATE_METHOD_MATCH = YES;
				COPY_PHASE_STRIP = YES;
				DEBUG_INFORMATION_FORMAT = "dwarf-with-dsym";
				ENABLE_NS_ASSERTIONS = NO;
				ENABLE_STRICT_OBJC_MSGSEND = YES;
				GCC_C_LANGUAGE_STANDARD = gnu99;
				GCC_WARN_64_TO_32_BIT_CONVERSION = YES;
				GCC_WARN_ABOUT_RETURN_TYPE = YES_ERROR;
				GCC_WARN_UNDECLARED_SELECTOR = YES;
				GCC_WARN_UNINITIALIZED_AUTOS = YES_AGGRESSIVE;
				GCC_WARN_UNUSED_FUNCTION = YES;
				GCC_WARN_UNUSED_VARIABLE = YES;
				MACOSX_DEPLOYMENT_TARGET = 10.10;
				MTL_ENABLE_DEBUG_INFO = NO;
				SDKROOT = macosx;
			};
			name = Release;
		};
		FB83983E1A5D80B800B91F34 /* Debug */ = {
			isa = XCBuildConfiguration;
			buildSettings = {
				PRODUCT_NAME = "$(TARGET_NAME)";
			};
			name = Debug;
		};
		FB83983F1A5D80B800B91F34 /* Release */ = {
			isa = XCBuildConfiguration;
			buildSettings = {
				PRODUCT_NAME = "$(TARGET_NAME)";
			};
			name = Release;
		};
/* End XCBuildConfiguration section */

/* Begin XCConfigurationList section */
		FB8398311A5D80B800B91F34 /* Build configuration list for PBXProject "EserciziSistemiOperativi" */ = {
			isa = XCConfigurationList;
			buildConfigurations = (
				FB83983B1A5D80B800B91F34 /* Debug */,
				FB83983C1A5D80B800B91F34 /* Release */,
			);
			defaultConfigurationIsVisible = 0;
			defaultConfigurationName = Release;
		};
		FB83983D1A5D80B800B91F34 /* Build configuration list for PBXNativeTarget "EserciziSistemiOperativi" */ = {
			isa = XCConfigurationList;
			buildConfigurations = (
				FB83983E1A5D80B800B91F34 /* Debug */,
				FB83983F1A5D80B800B91F34 /* Release */,
			);
			defaultConfigurationIsVisible = 0;
			defaultConfigurationName = Release;
		};
/* End XCConfigurationList section */
	};
	rootObject = FB83982E1A5D80B800B91F34 /* Project object */;
}
