// !$*UTF8*$!
{
	archiveVersion = 1;
	classes = {
	};
	objectVersion = 46;
	objects = {

/* Begin PBXBuildFile section */
		FBE0D6341A619A810088E97F /* Es5.c in Sources */ = {isa = PBXBuildFile; fileRef = FBE0D6331A619A810088E97F /* Es5.c */; };
/* End PBXBuildFile section */

/* Begin PBXCopyFilesBuildPhase section */
		FB8398341A5D80B800B91F34 /* CopyFiles */ = {
			isa = PBXCopyFilesBuildPhase;
			buildActionMask = 2147483647;
			dstPath = /usr/share/man/man1/;
			dstSubfolderSpec = 0;
			files = (
			);
			runOnlyForDeploymentPostprocessing = 1;
		};
/* End PBXCopyFilesBuildPhase section */

/* Begin PBXFileReference section */
		FB8398361A5D80B800B91F34 /* EserciziSistemiOperativi */ = {isa = PBXFileReference; explicitFileType = "compiled.mach-o.executable"; includeInIndex = 0; path = EserciziSistemiOperativi; sourceTree = BUILT_PRODUCTS_DIR; };
		FB83984E1A5D9E0F00B91F34 /* Es0.c */ = {isa = PBXFileReference; fileEncoding = 4; lastKnownFileType = sourcecode.c.c; name = Es0.c; path = "Esercizio 0/Es0.c"; sourceTree = "<group>"; };
		FB8398501A5D9E1900B91F34 /* Es1.c */ = {isa = PBXFileReference; fileEncoding = 4; lastKnownFileType = sourcecode.c.c; name = Es1.c; path = "Esercizio 1/Es1.c"; sourceTree = "<group>"; };
		FB8398521A5D9E2300B91F34 /* Es2.c */ = {isa = PBXFileReference; fileEncoding = 4; lastKnownFileType = sourcecode.c.c; name = Es2.c; path = "Esercizio 2/Es2.c"; sourceTree = "<group>"; };
		FB8398541A5D9E2B00B91F34 /* Es3.c */ = {isa = PBXFileReference; fileEncoding = 4; lastKnownFileType = sourcecode.c.c; name = Es3.c; path = "Esercizio 3/Es3.c"; sourceTree = "<group>"; };
		FB83985A1A5D9E7200B91F34 /* Es3_b.c */ = {isa = PBXFileReference; fileEncoding = 4; lastKnownFileType = sourcecode.c.c; name = Es3_b.c; path = "Esercizio 3/Es3_b.c"; sourceTree = "<group>"; };
		FB83985C1A5D9EF800B91F34 /* es1.pdf */ = {isa = PBXFileReference; lastKnownFileType = image.pdf; name = es1.pdf; path = "Esercizio 1/es1.pdf"; sourceTree = "<group>"; };
		FB83985D1A5D9F0000B91F34 /* es2.pdf */ = {isa = PBXFileReference; lastKnownFileType = image.pdf; name = es2.pdf; path = "Esercizio 2/es2.pdf"; sourceTree = "<group>"; };
		FB83985E1A5D9F0700B91F34 /* es3.pdf */ = {isa = PBXFileReference; lastKnownFileType = image.pdf; name = es3.pdf; path = "Esercizio 3/es3.pdf"; sourceTree = "<group>"; };
		FBE0D6331A619A810088E97F /* Es5.c */ = {isa = PBXFileReference; fileEncoding = 4; lastKnownFileType = sourcecode.c.c; name = Es5.c; path = "Esercizio 5/Es5.c"; sourceTree = "<group>"; };
		FBE0D6351A619A8E0088E97F /* Es5.go */ = {isa = PBXFileReference; lastKnownFileType = text; name = Es5.go; path = "Esercizio 5/Es5.go"; sourceTree = "<group>"; };
		FBE0D6361A61AD180088E97F /* Es5_A.pdf */ = {isa = PBXFileReference; lastKnownFileType = image.pdf; name = Es5_A.pdf; path = "Esercizio 5/Es5_A.pdf"; sourceTree = "<group>"; };
		FBE0D6371A61AD180088E97F /* Es5_B.pdf */ = {isa = PBXFileReference; lastKnownFileType = image.pdf; name = Es5_B.pdf; path = "Esercizio 5/Es5_B.pdf"; sourceTree = "<group>"; };
/* End PBXFileReference section */

/* Begin PBXFrameworksBuildPhase section */
		FB8398331A5D80B800B91F34 /* Frameworks */ = {
			isa = PBXFrameworksBuildPhase;
			buildActionMask = 2147483647;
			files = (
			);
			runOnlyForDeploymentPostprocessing = 0;
		};
/* End PBXFrameworksBuildPhase section */

/* Begin PBXGroup section */
		FB83982D1A5D80B800B91F34 = {
			isa = PBXGroup;
			children = (
				FB8398381A5D80B800B91F34 /* EserciziSistemiOperativi */,
				FB8398371A5D80B800B91F34 /* Products */,
			);
			sourceTree = "<group>";
		};
		FB8398371A5D80B800B91F34 /* Products */ = {
			isa = PBXGroup;
			children = (
				FB8398361A5D80B800B91F34 /* EserciziSistemiOperativi */,
			);
			name = Products;
			sourceTree = "<group>";
		};
		FB8398381A5D80B800B91F34 /* EserciziSistemiOperativi */ = {
			isa = PBXGroup;
			children = (
				FB83984A1A5D917C00B91F34 /* Esercizio 0 */,
				FB83984B1A5D918600B91F34 /* Esercizio 1 */,
				FB83984C1A5D919100B91F34 /* Esercizio 2 */,
				FB83984D1A5D919A00B91F34 /* Esercizio 3 */,
				FBE0D6321A619A490088E97F /* Esercizio 5 */,
			);
			path = EserciziSistemiOperativi;
			sourceTree = "<group>";
		};
		FB83984A1A5D917C00B91F34 /* Esercizio 0 */ = {
			isa = PBXGroup;
			children = (
				FB83984E1A5D9E0F00B91F34 /* Es0.c */,
			);
			name = "Esercizio 0";
			sourceTree = "<group>";
		};
		FB83984B1A5D918600B91F34 /* Esercizio 1 */ = {
			isa = PBXGroup;
			children = (
				FB83985C1A5D9EF800B91F34 /* es1.pdf */,
				FB8398501A5D9E1900B91F34 /* Es1.c */,
			);
			name = "Esercizio 1";
			sourceTree = "<group>";
		};
		FB83984C1A5D919100B91F34 /* Esercizio 2 */ = {
			isa = PBXGroup;
			children = (
				FB83985D1A5D9F0000B91F34 /* es2.pdf */,
				FB8398521A5D9E2300B91F34 /* Es2.c */,
			);
			name = "Esercizio 2";
			sourceTree = "<group>";
		};
		FB83984D1A5D919A00B91F34 /* Esercizio 3 */ = {
			isa = PBXGroup;
			children = (
				FB83985E1A5D9F0700B91F34 /* es3.pdf */,
				FB8398541A5D9E2B00B91F34 /* Es3.c */,
				FB83985A1A5D9E7200B91F34 /* Es3_b.c */,
			);
			name = "Esercizio 3";
			sourceTree = "<group>";
		};
		FBE0D6321A619A490088E97F /* Esercizio 5 */ = {
			isa = PBXGroup;
			children = (
				FBE0D6361A61AD180088E97F /* Es5_A.pdf */,
				FBE0D6371A61AD180088E97F /* Es5_B.pdf */,
				FBE0D6351A619A8E0088E97F /* Es5.go */,
				FBE0D6331A619A810088E97F /* Es5.c */,
			);
			name = "Esercizio 5";
			sourceTree = "<group>";
		};
/* End PBXGroup section */

/* Begin PBXNativeTarget section */
		FB8398351A5D80B800B91F34 /* EserciziSistemiOperativi */ = {
			isa = PBXNativeTarget;
			buildConfigurationList = FB83983D1A5D80B800B91F34 /* Build configuration list for PBXNativeTarget "EserciziSistemiOperativi" */;
			buildPhases = (
				FB8398321A5D80B800B91F34 /* Sources */,
				FB8398331A5D80B800B91F34 /* Frameworks */,
				FB8398341A5D80B800B91F34 /* CopyFiles */,
			);
			buildRules = (
			);
			dependencies = (
			);
			name = EserciziSistemiOperativi;
			productName = EserciziSistemiOperativi;
			productReference = FB8398361A5D80B800B91F34 /* EserciziSistemiOperativi */;
			productType = "com.apple.product-type.tool";
		};
/* End PBXNativeTarget section */

/* Begin PBXProject section */
		FB83982E1A5D80B800B91F34 /* Project object */ = {
			isa = PBXProject;
			attributes = {
				LastUpgradeCheck = 0610;
				ORGANIZATIONNAME = msoftprogramming;
				TargetAttributes = {
					FB8398351A5D80B800B91F34 = {
						CreatedOnToolsVersion = 6.1;
					};
				};
			};
			buildConfigurationList = FB8398311A5D80B800B91F34 /* Build configuration list for PBXProject "EserciziSistemiOperativi" */;
			compatibilityVersion = "Xcode 3.2";
			developmentRegion = English;
			hasScannedForEncodings = 0;
			knownRegions = (
				en,
			);
			mainGroup = FB83982D1A5D80B800B91F34;
			productRefGroup = FB8398371A5D80B800B91F34 /* Products */;
			projectDirPath = "";
			projectRoot = "";
			targets = (
				FB8398351A5D80B800B91F34 /* EserciziSistemiOperativi */,
			);
		};
/* End PBXProject section */

/* Begin PBXSourcesBuildPhase section */
		FB8398321A5D80B800B91F34 /* Sources */ = {
			isa = PBXSourcesBuildPhase;
			buildActionMask = 2147483647;
			files = (
				FBE0D6341A619A810088E97F /* Es5.c in Sources */,
			);
			runOnlyForDeploymentPostprocessing = 0;
		};
/* End PBXSourcesBuildPhase section */

/* Begin XCBuildConfiguration section */
		FB83983B1A5D80B800B91F34 /* Debug */ = {
			isa = XCBuildConfiguration;
			buildSettings = {
				ALWAYS_SEARCH_USER_PATHS = NO;
				CLANG_CXX_LANGUAGE_STANDARD = "gnu++0x";
				CLANG_CXX_LIBRARY = "libc++";
				CLANG_ENABLE_MODULES = YES;
				CLANG_ENABLE_OBJC_ARC = YES;
				CLANG_WARN_BOOL_CONVERSION = YES;
				CLANG_WARN_CONSTANT_CONVERSION = YES;
				CLANG_WARN_DIRECT_OBJC_ISA_USAGE = YES_ERROR;
				CLANG_WARN_EMPTY_BODY = YES;
				CLANG_WARN_ENUM_CONVERSION = YES;
				CLANG_WARN_INT_CONVERSION = YES;
				CLANG_WARN_OBJC_ROOT_CLASS = YES_ERROR;
				CLANG_WARN_UNREACHABLE_CODE = YES;
				CLANG_WARN__DUPLICATE_METHOD_MATCH = YES;
				COPY_PHASE_STRIP = NO;
				ENABLE_STRICT_OBJC_MSGSEND = YES;
				GCC_C_LANGUAGE_STANDARD = gnu99;
				GCC_DYNAMIC_NO_PIC = NO;
				GCC_OPTIMIZATION_LEVEL = 0;
				GCC_PREPROCESSOR_DEFINITIONS = (
					"DEBUG=1",
					"$(inherited)",
				);
				GCC_SYMBOLS_PRIVATE_EXTERN = NO;
				GCC_WARN_64_TO_32_BIT_CONVERSION = YES;
				GCC_WARN_ABOUT_RETURN_TYPE = YES_ERROR;
				GCC_WARN_UNDECLARED_SELECTOR = YES;
				GCC_WARN_UNINITIALIZED_AUTOS = YES_AGGRESSIVE;
				GCC_WARN_UNUSED_FUNCTION = YES;
				GCC_WARN_UNUSED_VARIABLE = YES;
				MACOSX_DEPLOYMENT_TARGET = 10.10;
				MTL_ENABLE_DEBUG_INFO = YES;
				ONLY_ACTIVE_ARCH = YES;
				SDKROOT = macosx;
			};
			name = Debug;
		};
		FB83983C1A5D80B800B91F34 /* Release */ = {
			isa = XCBuildConfiguration;
			buildSettings = {
				ALWAYS_SEARCH_USER_PATHS = NO;
				CLANG_CXX_LANGUAGE_STANDARD = "gnu++0x";
				CLANG_CXX_LIBRARY = "libc++";
				CLANG_ENABLE_MODULES = YES;
				CLANG_ENABLE_OBJC_ARC = YES;
				CLANG_WARN_BOOL_CONVERSION = YES;
				CLANG_WARN_CONSTANT_CONVERSION = YES;
				CLANG_WARN_DIRECT_OBJC_ISA_USAGE = YES_ERROR;
				CLANG_WARN_EMPTY_BODY = YES;
				CLANG_WARN_ENUM_CONVERSION = YES;
				CLANG_WARN_INT_CONVERSION = YES;
				CLANG_WARN_OBJC_ROOT_CLASS = YES_ERROR;
				CLANG_WARN_UNREACHABLE_CODE = YES;
				CLANG_WARN__DUPLICATE_METHOD_MATCH = YES;
				COPY_PHASE_STRIP = YES;
				DEBUG_INFORMATION_FORMAT = "dwarf-with-dsym";
				ENABLE_NS_ASSERTIONS = NO;
				ENABLE_STRICT_OBJC_MSGSEND = YES;
				GCC_C_LANGUAGE_STANDARD = gnu99;
				GCC_WARN_64_TO_32_BIT_CONVERSION = YES;
				GCC_WARN_ABOUT_RETURN_TYPE = YES_ERROR;
				GCC_WARN_UNDECLARED_SELECTOR = YES;
				GCC_WARN_UNINITIALIZED_AUTOS = YES_AGGRESSIVE;
				GCC_WARN_UNUSED_FUNCTION = YES;
				GCC_WARN_UNUSED_VARIABLE = YES;
				MACOSX_DEPLOYMENT_TARGET = 10.10;
				MTL_ENABLE_DEBUG_INFO = NO;
				SDKROOT = macosx;
			};
			name = Release;
		};
		FB83983E1A5D80B800B91F34 /* Debug */ = {
			isa = XCBuildConfiguration;
			buildSettings = {
				PRODUCT_NAME = "$(TARGET_NAME)";
			};
			name = Debug;
		};
		FB83983F1A5D80B800B91F34 /* Release */ = {
			isa = XCBuildConfiguration;
			buildSettings = {
				PRODUCT_NAME = "$(TARGET_NAME)";
			};
			name = Release;
		};
/* End XCBuildConfiguration section */

/* Begin XCConfigurationList section */
		FB8398311A5D80B800B91F34 /* Build configuration list for PBXProject "EserciziSistemiOperativi" */ = {
			isa = XCConfigurationList;
			buildConfigurations = (
				FB83983B1A5D80B800B91F34 /* Debug */,
				FB83983C1A5D80B800B91F34 /* Release */,
			);
			defaultConfigurationIsVisible = 0;
			defaultConfigurationName = Release;
		};
		FB83983D1A5D80B800B91F34 /* Build configuration list for PBXNativeTarget "EserciziSistemiOperativi" */ = {
			isa = XCConfigurationList;
			buildConfigurations = (
				FB83983E1A5D80B800B91F34 /* Debug */,
				FB83983F1A5D80B800B91F34 /* Release */,
			);
			defaultConfigurationIsVisible = 0;
			defaultConfigurationName = Release;
		};
/* End XCConfigurationList section */
	};
	rootObject = FB83982E1A5D80B800B91F34 /* Project object */;
}
